
Microsoft Visual Studio Solution File, Format Version 12.00
# Visual Studio Version 17
VisualStudioVersion = 17.11.35222.181
MinimumVisualStudioVersion = 10.0.40219.1
Project("{FAE04EC0-301F-11D3-BF4B-00C04F79EFBC}") = "swaggerTest", "swaggerTest.csproj", "{53AE08EC-35EF-4E86-BE93-B35CCBC83F37}"
EndProject
Global
	GlobalSection(SolutionConfigurationPlatforms) = preSolution
		Debug|Any CPU = Debug|Any CPU
		Release|Any CPU = Release|Any CPU
	EndGlobalSection
	GlobalSection(ProjectConfigurationPlatforms) = postSolution
		{53AE08EC-35EF-4E86-BE93-B35CCBC83F37}.Debug|Any CPU.ActiveCfg = Debug|Any CPU
		{53AE08EC-35EF-4E86-BE93-B35CCBC83F37}.Debug|Any CPU.Build.0 = Debug|Any CPU
		{53AE08EC-35EF-4E86-BE93-B35CCBC83F37}.Release|Any CPU.ActiveCfg = Release|Any CPU
		{53AE08EC-35EF-4E86-BE93-B35CCBC83F37}.Release|Any CPU.Build.0 = Release|Any CPU
	EndGlobalSection
	GlobalSection(SolutionProperties) = preSolution
		HideSolutionNode = FALSE
	EndGlobalSection
	GlobalSection(ExtensibilityGlobals) = postSolution
		SolutionGuid = {5D3F14E3-D74D-4EF4-AEC2-E6A0252F08C6}
	EndGlobalSection
EndGlobal
